
Microsoft Visual Studio Solution File, Format Version 12.00
# Visual Studio 15
Project("{FAE04EC0-301F-11D3-BF4B-00C04F79EFBC}") = "UnityEngine.UI", "UnityEngine.UI.csproj", "{A46373E6-F23E-72C7-AB63-EFD9AE4E3DD4}"
EndProject
Project("{FAE04EC0-301F-11D3-BF4B-00C04F79EFBC}") = "Assembly-CSharp", "Assembly-CSharp.csproj", "{5FA9BF0F-E22E-DD6B-C0FE-55E1FBAFA721}"
EndProject
Project("{FAE04EC0-301F-11D3-BF4B-00C04F79EFBC}") = "UnityEngine.TestRunner", "UnityEngine.TestRunner.csproj", "{82F8ACF1-713F-F2DE-8249-4668537BF177}"
EndProject
Project("{FAE04EC0-301F-11D3-BF4B-00C04F79EFBC}") = "Google.Play.Review", "Google.Play.Review.csproj", "{291DDF64-90B3-F657-9F0A-AC2F7CE40983}"
EndProject
Project("{FAE04EC0-301F-11D3-BF4B-00C04F79EFBC}") = "UniRx", "UniRx.csproj", "{FB81C02F-7366-FA1F-40E5-32C601A7FD5B}"
EndProject
Project("{FAE04EC0-301F-11D3-BF4B-00C04F79EFBC}") = "MaxSdk.Scripts", "MaxSdk.Scripts.csproj", "{03496232-2FDA-90B4-2196-7556F27136E0}"
EndProject
Project("{FAE04EC0-301F-11D3-BF4B-00C04F79EFBC}") = "MoreMountains.NiceVibrations.Haptics", "MoreMountains.NiceVibrations.Haptics.csproj", "{487097C6-10E7-C6AD-6205-BA1ADBD64A20}"
EndProject
Project("{FAE04EC0-301F-11D3-BF4B-00C04F79EFBC}") = "ACTk.Examples.Runtime", "ACTk.Examples.Runtime.csproj", "{1A805F67-60DD-024D-9F46-4934BFCBEBFC}"
EndProject
Project("{FAE04EC0-301F-11D3-BF4B-00C04F79EFBC}") = "Unity.TextMeshPro", "Unity.TextMeshPro.csproj", "{607561CF-7871-275F-38A5-1D347D8900EC}"
EndProject
Project("{FAE04EC0-301F-11D3-BF4B-00C04F79EFBC}") = "MoreMountains.NiceVibrations.Demos", "MoreMountains.NiceVibrations.Demos.csproj", "{10129E79-8BBE-92AC-BD09-3753A3269239}"
EndProject
Project("{FAE04EC0-301F-11D3-BF4B-00C04F79EFBC}") = "Unity.Timeline", "Unity.Timeline.csproj", "{D6038578-B8B9-27BB-3617-44ABD27C5DF1}"
EndProject
Project("{FAE04EC0-301F-11D3-BF4B-00C04F79EFBC}") = "Autodesk.Fbx", "Autodesk.Fbx.csproj", "{135FD392-98FF-35F2-A8B4-7BB76ADA4CBF}"
EndProject
Project("{FAE04EC0-301F-11D3-BF4B-00C04F79EFBC}") = "AppsFlyer", "AppsFlyer.csproj", "{F89467CB-4238-7E5D-E564-17B6ACF3E542}"
EndProject
Project("{FAE04EC0-301F-11D3-BF4B-00C04F79EFBC}") = "ACTk.Runtime", "ACTk.Runtime.csproj", "{1CE39435-F741-93DB-7619-E8B2CF2A5C31}"
EndProject
Project("{FAE04EC0-301F-11D3-BF4B-00C04F79EFBC}") = "Google.Play.Core", "Google.Play.Core.csproj", "{8CB65CE9-17D3-1090-2E27-A44E28CC37D3}"
EndProject
Project("{FAE04EC0-301F-11D3-BF4B-00C04F79EFBC}") = "Google.Play.Common", "Google.Play.Common.csproj", "{EB3A92AD-F564-AFDF-3C97-135AA7FD4CF6}"
EndProject
Project("{FAE04EC0-301F-11D3-BF4B-00C04F79EFBC}") = "MoreMountains.NiceVibrations", "MoreMountains.NiceVibrations.csproj", "{51ECC520-9CB4-3AD2-95D8-C05A84536F38}"
EndProject
Project("{FAE04EC0-301F-11D3-BF4B-00C04F79EFBC}") = "Unity.Recorder", "Unity.Recorder.csproj", "{1E8F33E3-5708-FA07-816F-52132461BCAF}"
EndProject
Project("{FAE04EC0-301F-11D3-BF4B-00C04F79EFBC}") = "Unity.Formats.Fbx.Runtime", "Unity.Formats.Fbx.Runtime.csproj", "{58C1C5BF-A36C-9FDE-68BB-A259543C9825}"
EndProject
Project("{FAE04EC0-301F-11D3-BF4B-00C04F79EFBC}") = "UniRx.Examples", "UniRx.Examples.csproj", "{4B534333-E1F4-8E91-2B71-38978B643EE2}"
EndProject
Project("{FAE04EC0-301F-11D3-BF4B-00C04F79EFBC}") = "ACTk.Examples.Genuine.Runtime", "ACTk.Examples.Genuine.Runtime.csproj", "{2CEA6CFC-E2A8-6545-8674-618E7DA46F5A}"
EndProject
Project("{FAE04EC0-301F-11D3-BF4B-00C04F79EFBC}") = "Unity.Recorder.Base", "Unity.Recorder.Base.csproj", "{D7CE0073-44BF-8328-EBDA-E763A693C9EF}"
EndProject
Project("{FAE04EC0-301F-11D3-BF4B-00C04F79EFBC}") = "Autodesk.Fbx.BuildTestAssets", "Autodesk.Fbx.BuildTestAssets.csproj", "{194EAC52-7445-2D71-0107-7C28493A6160}"
EndProject
Project("{FAE04EC0-301F-11D3-BF4B-00C04F79EFBC}") = "Assembly-CSharp-Editor", "Assembly-CSharp-Editor.csproj", "{A21C5DCD-2C72-2ACE-D981-33A91442CEF2}"
EndProject
Project("{FAE04EC0-301F-11D3-BF4B-00C04F79EFBC}") = "Unity.PlasticSCM.Editor", "Unity.PlasticSCM.Editor.csproj", "{EBE3BA89-3205-3CC4-E967-791539A0A8FC}"
EndProject
Project("{FAE04EC0-301F-11D3-BF4B-00C04F79EFBC}") = "Unity.Formats.Fbx.Editor", "Unity.Formats.Fbx.Editor.csproj", "{FA9CD9A2-37B9-FC58-255C-15546A4D326C}"
EndProject
Project("{FAE04EC0-301F-11D3-BF4B-00C04F79EFBC}") = "Unity.VisualStudio.Editor", "Unity.VisualStudio.Editor.csproj", "{AB310E97-111C-E40F-69F9-86D0DB5E7B3B}"
EndProject
Project("{FAE04EC0-301F-11D3-BF4B-00C04F79EFBC}") = "Unity.Timeline.Editor", "Unity.Timeline.Editor.csproj", "{940E9644-5A70-A6CF-B2BD-C0122CC2ECEE}"
EndProject
Project("{FAE04EC0-301F-11D3-BF4B-00C04F79EFBC}") = "Unity.Recorder.Editor", "Unity.Recorder.Editor.csproj", "{C5D46A5C-00DC-BCF9-2A9E-211FEA06F951}"
EndProject
Project("{FAE04EC0-301F-11D3-BF4B-00C04F79EFBC}") = "Google.Android.AppBundle.Editor", "Google.Android.AppBundle.Editor.csproj", "{3BDDCF93-978D-71FA-1F9A-0663542EEE95}"
EndProject
Project("{FAE04EC0-301F-11D3-BF4B-00C04F79EFBC}") = "Unity.TextMeshPro.Editor", "Unity.TextMeshPro.Editor.csproj", "{833BB4B2-AC47-82D1-3581-71BA2CF99CF9}"
EndProject
Project("{FAE04EC0-301F-11D3-BF4B-00C04F79EFBC}") = "Unity.CollabProxy.Editor", "Unity.CollabProxy.Editor.csproj", "{DBFCD1CF-6629-EF24-FCB2-611902603435}"
EndProject
Project("{FAE04EC0-301F-11D3-BF4B-00C04F79EFBC}") = "UnityEditor.TestRunner", "UnityEditor.TestRunner.csproj", "{BA85490F-E808-D420-E99E-D94EC119823D}"
EndProject
Project("{FAE04EC0-301F-11D3-BF4B-00C04F79EFBC}") = "Unity.Rider.Editor", "Unity.Rider.Editor.csproj", "{D4748EA4-99F7-EC32-6381-121F18087CF2}"
EndProject
Project("{FAE04EC0-301F-11D3-BF4B-00C04F79EFBC}") = "Unity.Services.Core.Editor", "Unity.Services.Core.Editor.csproj", "{8F78BB7C-81BA-8308-42A7-5EBEA73BB50D}"
EndProject
Project("{FAE04EC0-301F-11D3-BF4B-00C04F79EFBC}") = "ACTk.Editor", "ACTk.Editor.csproj", "{62D8C062-C2E3-2D6D-18A2-60C339B42041}"
EndProject
Project("{FAE04EC0-301F-11D3-BF4B-00C04F79EFBC}") = "MaxSdk.Scripts.IntegrationManager.Editor", "MaxSdk.Scripts.IntegrationManager.Editor.csproj", "{85342D5C-6F5F-73B1-ED53-6A3405E6B146}"
EndProject
Project("{FAE04EC0-301F-11D3-BF4B-00C04F79EFBC}") = "Unity.VSCode.Editor", "Unity.VSCode.Editor.csproj", "{210128AD-7C39-82CE-6A16-E1DEDEE0774D}"
EndProject
Project("{FAE04EC0-301F-11D3-BF4B-00C04F79EFBC}") = "Unity.2D.Sprite.Editor", "Unity.2D.Sprite.Editor.csproj", "{181E0AC8-78AF-60E6-89B7-05BE59BE330B}"
EndProject
Project("{FAE04EC0-301F-11D3-BF4B-00C04F79EFBC}") = "UnityEditor.UI", "UnityEditor.UI.csproj", "{B2FB5D5C-EC62-3F48-D71C-FD70CE86398D}"
EndProject
Project("{FAE04EC0-301F-11D3-BF4B-00C04F79EFBC}") = "MaxSdk.Scripts.Editor", "MaxSdk.Scripts.Editor.csproj", "{C5D2AAD4-B6B9-385D-7180-4FCBE0D60CB9}"
EndProject
Project("{FAE04EC0-301F-11D3-BF4B-00C04F79EFBC}") = "Autodesk.Fbx.Editor", "Autodesk.Fbx.Editor.csproj", "{5E8F4317-B11E-E10E-0CC1-E8398CB42043}"
EndProject
Project("{FAE04EC0-301F-11D3-BF4B-00C04F79EFBC}") = "ACTk.Examples.Genuine.Editor", "ACTk.Examples.Genuine.Editor.csproj", "{C71C4739-7B07-9624-D7DE-FDA8120CB2D4}"
EndProject
Project("{FAE04EC0-301F-11D3-BF4B-00C04F79EFBC}") = "MoreMountains.NiceVibrations.Editor", "MoreMountains.NiceVibrations.Editor.csproj", "{7FE104F8-15EE-FCBB-7536-0B27E3598396}"
EndProject
Project("{FAE04EC0-301F-11D3-BF4B-00C04F79EFBC}") = "AppsFlyer.Editor", "AppsFlyer.Editor.csproj", "{20EA2A42-D90E-4B37-3EE2-162031498AF1}"
EndProject
Project("{FAE04EC0-301F-11D3-BF4B-00C04F79EFBC}") = "UnityEngine.UI", "UnityEngine.UI.Player.csproj", "{5A15CDE6-F440-F534-920E-7C0CDD43AB65}"
EndProject
Project("{FAE04EC0-301F-11D3-BF4B-00C04F79EFBC}") = "Assembly-CSharp", "Assembly-CSharp.Player.csproj", "{A52797F6-E734-3D80-4FCA-942A09FAF3A1}"
EndProject
Project("{FAE04EC0-301F-11D3-BF4B-00C04F79EFBC}") = "UnityEngine.TestRunner", "UnityEngine.TestRunner.Player.csproj", "{A9836A1A-10F3-35A4-0D7A-47E0429BC25D}"
EndProject
Project("{FAE04EC0-301F-11D3-BF4B-00C04F79EFBC}") = "Google.Play.Review", "Google.Play.Review.Player.csproj", "{D2C4D6F2-6E47-AE52-71B7-2643F6B192C8}"
EndProject
Project("{FAE04EC0-301F-11D3-BF4B-00C04F79EFBC}") = "UniRx", "UniRx.Player.csproj", "{3AF8ACC2-C96A-87E6-5454-B2497D4BE8C5}"
EndProject
Project("{FAE04EC0-301F-11D3-BF4B-00C04F79EFBC}") = "MaxSdk.Scripts", "MaxSdk.Scripts.Player.csproj", "{BE8971F0-8F4C-2AAD-1C70-C47F02157AA5}"
EndProject
Project("{FAE04EC0-301F-11D3-BF4B-00C04F79EFBC}") = "MoreMountains.NiceVibrations.Haptics", "MoreMountains.NiceVibrations.Haptics.Player.csproj", "{6A060609-0133-12DC-8E29-9D5CA3D2A70B}"
EndProject
Project("{FAE04EC0-301F-11D3-BF4B-00C04F79EFBC}") = "ACTk.Examples.Runtime", "ACTk.Examples.Runtime.Player.csproj", "{E634615D-A99F-A8AD-1433-4C0BDCEA369B}"
EndProject
Project("{FAE04EC0-301F-11D3-BF4B-00C04F79EFBC}") = "Unity.TextMeshPro", "Unity.TextMeshPro.Player.csproj", "{BD957BE5-7FD5-6B90-7E43-ABEB74BEA6DF}"
EndProject
Project("{FAE04EC0-301F-11D3-BF4B-00C04F79EFBC}") = "MoreMountains.NiceVibrations.Demos", "MoreMountains.NiceVibrations.Demos.Player.csproj", "{FA003A0F-3579-A08D-3866-AC33215A9D24}"
EndProject
Project("{FAE04EC0-301F-11D3-BF4B-00C04F79EFBC}") = "Unity.Timeline", "Unity.Timeline.Player.csproj", "{BB5C5062-5F07-B0D4-0351-C01838C3AE72}"
EndProject
Project("{FAE04EC0-301F-11D3-BF4B-00C04F79EFBC}") = "AppsFlyer", "AppsFlyer.Player.csproj", "{F919CCC6-F39C-322D-7B09-8AB1C73674D0}"
EndProject
Project("{FAE04EC0-301F-11D3-BF4B-00C04F79EFBC}") = "ACTk.Runtime", "ACTk.Runtime.Player.csproj", "{CF4637E4-1826-63AD-35CC-5D84BF43AF9A}"
EndProject
Project("{FAE04EC0-301F-11D3-BF4B-00C04F79EFBC}") = "Google.Play.Core", "Google.Play.Core.Player.csproj", "{95C96F3D-2305-0E81-527A-2061F6F3299E}"
EndProject
Project("{FAE04EC0-301F-11D3-BF4B-00C04F79EFBC}") = "Google.Play.Common", "Google.Play.Common.Player.csproj", "{BBEC629D-9BA4-1256-9EB5-D53B38871E1F}"
EndProject
Project("{FAE04EC0-301F-11D3-BF4B-00C04F79EFBC}") = "MoreMountains.NiceVibrations", "MoreMountains.NiceVibrations.Player.csproj", "{13034B4A-F006-2CD1-750D-5FAEA82F60A1}"
EndProject
Project("{FAE04EC0-301F-11D3-BF4B-00C04F79EFBC}") = "Unity.Recorder", "Unity.Recorder.Player.csproj", "{5237FB01-C565-F549-3278-72D98CC0EA50}"
EndProject
Project("{FAE04EC0-301F-11D3-BF4B-00C04F79EFBC}") = "Unity.Formats.Fbx.Runtime", "Unity.Formats.Fbx.Runtime.Player.csproj", "{B29D75AD-B622-A5D9-B493-A1E829D5FD02}"
EndProject
Project("{FAE04EC0-301F-11D3-BF4B-00C04F79EFBC}") = "UniRx.Examples", "UniRx.Examples.Player.csproj", "{31A050C2-9872-ED35-70A6-52B8A7AD71B6}"
EndProject
Project("{FAE04EC0-301F-11D3-BF4B-00C04F79EFBC}") = "ACTk.Examples.Genuine.Runtime", "ACTk.Examples.Genuine.Runtime.Player.csproj", "{5488B911-548E-3DBF-395D-7385BA6A8F87}"
EndProject
Project("{FAE04EC0-301F-11D3-BF4B-00C04F79EFBC}") = "Unity.Recorder.Base", "Unity.Recorder.Base.Player.csproj", "{28F3694E-E496-49F0-F8E4-703BC3878B87}"
EndProject
Project("{FAE04EC0-301F-11D3-BF4B-00C04F79EFBC}") = "Autodesk.Fbx.BuildTestAssets", "Autodesk.Fbx.BuildTestAssets.Player.csproj", "{582A12B7-9E8F-A8C5-E61E-80BB4B18D516}"
EndProject
Global
	GlobalSection(SolutionConfigurationPlatforms) = preSolution
		Debug|Any CPU = Debug|Any CPU
		Release|Any CPU = Release|Any CPU
	EndGlobalSection
	GlobalSection(ProjectConfigurationPlatforms) = postSolution
		{A46373E6-F23E-72C7-AB63-EFD9AE4E3DD4}.Debug|Any CPU.ActiveCfg = Debug|Any CPU
		{A46373E6-F23E-72C7-AB63-EFD9AE4E3DD4}.Debug|Any CPU.Build.0 = Debug|Any CPU
		{A46373E6-F23E-72C7-AB63-EFD9AE4E3DD4}.Release|Any CPU.ActiveCfg = Release|Any CPU
		{A46373E6-F23E-72C7-AB63-EFD9AE4E3DD4}.Release|Any CPU.Build.0 = Release|Any CPU
		{5FA9BF0F-E22E-DD6B-C0FE-55E1FBAFA721}.Debug|Any CPU.ActiveCfg = Debug|Any CPU
		{5FA9BF0F-E22E-DD6B-C0FE-55E1FBAFA721}.Debug|Any CPU.Build.0 = Debug|Any CPU
		{5FA9BF0F-E22E-DD6B-C0FE-55E1FBAFA721}.Release|Any CPU.ActiveCfg = Release|Any CPU
		{5FA9BF0F-E22E-DD6B-C0FE-55E1FBAFA721}.Release|Any CPU.Build.0 = Release|Any CPU
		{82F8ACF1-713F-F2DE-8249-4668537BF177}.Debug|Any CPU.ActiveCfg = Debug|Any CPU
		{82F8ACF1-713F-F2DE-8249-4668537BF177}.Debug|Any CPU.Build.0 = Debug|Any CPU
		{82F8ACF1-713F-F2DE-8249-4668537BF177}.Release|Any CPU.ActiveCfg = Release|Any CPU
		{82F8ACF1-713F-F2DE-8249-4668537BF177}.Release|Any CPU.Build.0 = Release|Any CPU
		{291DDF64-90B3-F657-9F0A-AC2F7CE40983}.Debug|Any CPU.ActiveCfg = Debug|Any CPU
		{291DDF64-90B3-F657-9F0A-AC2F7CE40983}.Debug|Any CPU.Build.0 = Debug|Any CPU
		{291DDF64-90B3-F657-9F0A-AC2F7CE40983}.Release|Any CPU.ActiveCfg = Release|Any CPU
		{291DDF64-90B3-F657-9F0A-AC2F7CE40983}.Release|Any CPU.Build.0 = Release|Any CPU
		{FB81C02F-7366-FA1F-40E5-32C601A7FD5B}.Debug|Any CPU.ActiveCfg = Debug|Any CPU
		{FB81C02F-7366-FA1F-40E5-32C601A7FD5B}.Debug|Any CPU.Build.0 = Debug|Any CPU
		{FB81C02F-7366-FA1F-40E5-32C601A7FD5B}.Release|Any CPU.ActiveCfg = Release|Any CPU
		{FB81C02F-7366-FA1F-40E5-32C601A7FD5B}.Release|Any CPU.Build.0 = Release|Any CPU
		{03496232-2FDA-90B4-2196-7556F27136E0}.Debug|Any CPU.ActiveCfg = Debug|Any CPU
		{03496232-2FDA-90B4-2196-7556F27136E0}.Debug|Any CPU.Build.0 = Debug|Any CPU
		{03496232-2FDA-90B4-2196-7556F27136E0}.Release|Any CPU.ActiveCfg = Release|Any CPU
		{03496232-2FDA-90B4-2196-7556F27136E0}.Release|Any CPU.Build.0 = Release|Any CPU
		{487097C6-10E7-C6AD-6205-BA1ADBD64A20}.Debug|Any CPU.ActiveCfg = Debug|Any CPU
		{487097C6-10E7-C6AD-6205-BA1ADBD64A20}.Debug|Any CPU.Build.0 = Debug|Any CPU
		{487097C6-10E7-C6AD-6205-BA1ADBD64A20}.Release|Any CPU.ActiveCfg = Release|Any CPU
		{487097C6-10E7-C6AD-6205-BA1ADBD64A20}.Release|Any CPU.Build.0 = Release|Any CPU
		{1A805F67-60DD-024D-9F46-4934BFCBEBFC}.Debug|Any CPU.ActiveCfg = Debug|Any CPU
		{1A805F67-60DD-024D-9F46-4934BFCBEBFC}.Debug|Any CPU.Build.0 = Debug|Any CPU
		{1A805F67-60DD-024D-9F46-4934BFCBEBFC}.Release|Any CPU.ActiveCfg = Release|Any CPU
		{1A805F67-60DD-024D-9F46-4934BFCBEBFC}.Release|Any CPU.Build.0 = Release|Any CPU
		{607561CF-7871-275F-38A5-1D347D8900EC}.Debug|Any CPU.ActiveCfg = Debug|Any CPU
		{607561CF-7871-275F-38A5-1D347D8900EC}.Debug|Any CPU.Build.0 = Debug|Any CPU
		{607561CF-7871-275F-38A5-1D347D8900EC}.Release|Any CPU.ActiveCfg = Release|Any CPU
		{607561CF-7871-275F-38A5-1D347D8900EC}.Release|Any CPU.Build.0 = Release|Any CPU
		{10129E79-8BBE-92AC-BD09-3753A3269239}.Debug|Any CPU.ActiveCfg = Debug|Any CPU
		{10129E79-8BBE-92AC-BD09-3753A3269239}.Debug|Any CPU.Build.0 = Debug|Any CPU
		{10129E79-8BBE-92AC-BD09-3753A3269239}.Release|Any CPU.ActiveCfg = Release|Any CPU
		{10129E79-8BBE-92AC-BD09-3753A3269239}.Release|Any CPU.Build.0 = Release|Any CPU
		{D6038578-B8B9-27BB-3617-44ABD27C5DF1}.Debug|Any CPU.ActiveCfg = Debug|Any CPU
		{D6038578-B8B9-27BB-3617-44ABD27C5DF1}.Debug|Any CPU.Build.0 = Debug|Any CPU
		{D6038578-B8B9-27BB-3617-44ABD27C5DF1}.Release|Any CPU.ActiveCfg = Release|Any CPU
		{D6038578-B8B9-27BB-3617-44ABD27C5DF1}.Release|Any CPU.Build.0 = Release|Any CPU
		{135FD392-98FF-35F2-A8B4-7BB76ADA4CBF}.Debug|Any CPU.ActiveCfg = Debug|Any CPU
		{135FD392-98FF-35F2-A8B4-7BB76ADA4CBF}.Debug|Any CPU.Build.0 = Debug|Any CPU
		{135FD392-98FF-35F2-A8B4-7BB76ADA4CBF}.Release|Any CPU.ActiveCfg = Release|Any CPU
		{135FD392-98FF-35F2-A8B4-7BB76ADA4CBF}.Release|Any CPU.Build.0 = Release|Any CPU
		{F89467CB-4238-7E5D-E564-17B6ACF3E542}.Debug|Any CPU.ActiveCfg = Debug|Any CPU
		{F89467CB-4238-7E5D-E564-17B6ACF3E542}.Debug|Any CPU.Build.0 = Debug|Any CPU
		{F89467CB-4238-7E5D-E564-17B6ACF3E542}.Release|Any CPU.ActiveCfg = Release|Any CPU
		{F89467CB-4238-7E5D-E564-17B6ACF3E542}.Release|Any CPU.Build.0 = Release|Any CPU
		{1CE39435-F741-93DB-7619-E8B2CF2A5C31}.Debug|Any CPU.ActiveCfg = Debug|Any CPU
		{1CE39435-F741-93DB-7619-E8B2CF2A5C31}.Debug|Any CPU.Build.0 = Debug|Any CPU
		{1CE39435-F741-93DB-7619-E8B2CF2A5C31}.Release|Any CPU.ActiveCfg = Release|Any CPU
		{1CE39435-F741-93DB-7619-E8B2CF2A5C31}.Release|Any CPU.Build.0 = Release|Any CPU
		{8CB65CE9-17D3-1090-2E27-A44E28CC37D3}.Debug|Any CPU.ActiveCfg = Debug|Any CPU
		{8CB65CE9-17D3-1090-2E27-A44E28CC37D3}.Debug|Any CPU.Build.0 = Debug|Any CPU
		{8CB65CE9-17D3-1090-2E27-A44E28CC37D3}.Release|Any CPU.ActiveCfg = Release|Any CPU
		{8CB65CE9-17D3-1090-2E27-A44E28CC37D3}.Release|Any CPU.Build.0 = Release|Any CPU
		{EB3A92AD-F564-AFDF-3C97-135AA7FD4CF6}.Debug|Any CPU.ActiveCfg = Debug|Any CPU
		{EB3A92AD-F564-AFDF-3C97-135AA7FD4CF6}.Debug|Any CPU.Build.0 = Debug|Any CPU
		{EB3A92AD-F564-AFDF-3C97-135AA7FD4CF6}.Release|Any CPU.ActiveCfg = Release|Any CPU
		{EB3A92AD-F564-AFDF-3C97-135AA7FD4CF6}.Release|Any CPU.Build.0 = Release|Any CPU
		{51ECC520-9CB4-3AD2-95D8-C05A84536F38}.Debug|Any CPU.ActiveCfg = Debug|Any CPU
		{51ECC520-9CB4-3AD2-95D8-C05A84536F38}.Debug|Any CPU.Build.0 = Debug|Any CPU
		{51ECC520-9CB4-3AD2-95D8-C05A84536F38}.Release|Any CPU.ActiveCfg = Release|Any CPU
		{51ECC520-9CB4-3AD2-95D8-C05A84536F38}.Release|Any CPU.Build.0 = Release|Any CPU
		{1E8F33E3-5708-FA07-816F-52132461BCAF}.Debug|Any CPU.ActiveCfg = Debug|Any CPU
		{1E8F33E3-5708-FA07-816F-52132461BCAF}.Debug|Any CPU.Build.0 = Debug|Any CPU
		{1E8F33E3-5708-FA07-816F-52132461BCAF}.Release|Any CPU.ActiveCfg = Release|Any CPU
		{1E8F33E3-5708-FA07-816F-52132461BCAF}.Release|Any CPU.Build.0 = Release|Any CPU
		{58C1C5BF-A36C-9FDE-68BB-A259543C9825}.Debug|Any CPU.ActiveCfg = Debug|Any CPU
		{58C1C5BF-A36C-9FDE-68BB-A259543C9825}.Debug|Any CPU.Build.0 = Debug|Any CPU
		{58C1C5BF-A36C-9FDE-68BB-A259543C9825}.Release|Any CPU.ActiveCfg = Release|Any CPU
		{58C1C5BF-A36C-9FDE-68BB-A259543C9825}.Release|Any CPU.Build.0 = Release|Any CPU
		{4B534333-E1F4-8E91-2B71-38978B643EE2}.Debug|Any CPU.ActiveCfg = Debug|Any CPU
		{4B534333-E1F4-8E91-2B71-38978B643EE2}.Debug|Any CPU.Build.0 = Debug|Any CPU
		{4B534333-E1F4-8E91-2B71-38978B643EE2}.Release|Any CPU.ActiveCfg = Release|Any CPU
		{4B534333-E1F4-8E91-2B71-38978B643EE2}.Release|Any CPU.Build.0 = Release|Any CPU
		{2CEA6CFC-E2A8-6545-8674-618E7DA46F5A}.Debug|Any CPU.ActiveCfg = Debug|Any CPU
		{2CEA6CFC-E2A8-6545-8674-618E7DA46F5A}.Debug|Any CPU.Build.0 = Debug|Any CPU
		{2CEA6CFC-E2A8-6545-8674-618E7DA46F5A}.Release|Any CPU.ActiveCfg = Release|Any CPU
		{2CEA6CFC-E2A8-6545-8674-618E7DA46F5A}.Release|Any CPU.Build.0 = Release|Any CPU
		{D7CE0073-44BF-8328-EBDA-E763A693C9EF}.Debug|Any CPU.ActiveCfg = Debug|Any CPU
		{D7CE0073-44BF-8328-EBDA-E763A693C9EF}.Debug|Any CPU.Build.0 = Debug|Any CPU
		{D7CE0073-44BF-8328-EBDA-E763A693C9EF}.Release|Any CPU.ActiveCfg = Release|Any CPU
		{D7CE0073-44BF-8328-EBDA-E763A693C9EF}.Release|Any CPU.Build.0 = Release|Any CPU
		{194EAC52-7445-2D71-0107-7C28493A6160}.Debug|Any CPU.ActiveCfg = Debug|Any CPU
		{194EAC52-7445-2D71-0107-7C28493A6160}.Debug|Any CPU.Build.0 = Debug|Any CPU
		{194EAC52-7445-2D71-0107-7C28493A6160}.Release|Any CPU.ActiveCfg = Release|Any CPU
		{194EAC52-7445-2D71-0107-7C28493A6160}.Release|Any CPU.Build.0 = Release|Any CPU
		{A21C5DCD-2C72-2ACE-D981-33A91442CEF2}.Debug|Any CPU.ActiveCfg = Debug|Any CPU
		{A21C5DCD-2C72-2ACE-D981-33A91442CEF2}.Debug|Any CPU.Build.0 = Debug|Any CPU
		{A21C5DCD-2C72-2ACE-D981-33A91442CEF2}.Release|Any CPU.ActiveCfg = Release|Any CPU
		{A21C5DCD-2C72-2ACE-D981-33A91442CEF2}.Release|Any CPU.Build.0 = Release|Any CPU
		{EBE3BA89-3205-3CC4-E967-791539A0A8FC}.Debug|Any CPU.ActiveCfg = Debug|Any CPU
		{EBE3BA89-3205-3CC4-E967-791539A0A8FC}.Debug|Any CPU.Build.0 = Debug|Any CPU
		{EBE3BA89-3205-3CC4-E967-791539A0A8FC}.Release|Any CPU.ActiveCfg = Release|Any CPU
		{EBE3BA89-3205-3CC4-E967-791539A0A8FC}.Release|Any CPU.Build.0 = Release|Any CPU
		{FA9CD9A2-37B9-FC58-255C-15546A4D326C}.Debug|Any CPU.ActiveCfg = Debug|Any CPU
		{FA9CD9A2-37B9-FC58-255C-15546A4D326C}.Debug|Any CPU.Build.0 = Debug|Any CPU
		{FA9CD9A2-37B9-FC58-255C-15546A4D326C}.Release|Any CPU.ActiveCfg = Release|Any CPU
		{FA9CD9A2-37B9-FC58-255C-15546A4D326C}.Release|Any CPU.Build.0 = Release|Any CPU
		{AB310E97-111C-E40F-69F9-86D0DB5E7B3B}.Debug|Any CPU.ActiveCfg = Debug|Any CPU
		{AB310E97-111C-E40F-69F9-86D0DB5E7B3B}.Debug|Any CPU.Build.0 = Debug|Any CPU
		{AB310E97-111C-E40F-69F9-86D0DB5E7B3B}.Release|Any CPU.ActiveCfg = Release|Any CPU
		{AB310E97-111C-E40F-69F9-86D0DB5E7B3B}.Release|Any CPU.Build.0 = Release|Any CPU
		{940E9644-5A70-A6CF-B2BD-C0122CC2ECEE}.Debug|Any CPU.ActiveCfg = Debug|Any CPU
		{940E9644-5A70-A6CF-B2BD-C0122CC2ECEE}.Debug|Any CPU.Build.0 = Debug|Any CPU
		{940E9644-5A70-A6CF-B2BD-C0122CC2ECEE}.Release|Any CPU.ActiveCfg = Release|Any CPU
		{940E9644-5A70-A6CF-B2BD-C0122CC2ECEE}.Release|Any CPU.Build.0 = Release|Any CPU
		{C5D46A5C-00DC-BCF9-2A9E-211FEA06F951}.Debug|Any CPU.ActiveCfg = Debug|Any CPU
		{C5D46A5C-00DC-BCF9-2A9E-211FEA06F951}.Debug|Any CPU.Build.0 = Debug|Any CPU
		{C5D46A5C-00DC-BCF9-2A9E-211FEA06F951}.Release|Any CPU.ActiveCfg = Release|Any CPU
		{C5D46A5C-00DC-BCF9-2A9E-211FEA06F951}.Release|Any CPU.Build.0 = Release|Any CPU
		{3BDDCF93-978D-71FA-1F9A-0663542EEE95}.Debug|Any CPU.ActiveCfg = Debug|Any CPU
		{3BDDCF93-978D-71FA-1F9A-0663542EEE95}.Debug|Any CPU.Build.0 = Debug|Any CPU
		{3BDDCF93-978D-71FA-1F9A-0663542EEE95}.Release|Any CPU.ActiveCfg = Release|Any CPU
		{3BDDCF93-978D-71FA-1F9A-0663542EEE95}.Release|Any CPU.Build.0 = Release|Any CPU
		{833BB4B2-AC47-82D1-3581-71BA2CF99CF9}.Debug|Any CPU.ActiveCfg = Debug|Any CPU
		{833BB4B2-AC47-82D1-3581-71BA2CF99CF9}.Debug|Any CPU.Build.0 = Debug|Any CPU
		{833BB4B2-AC47-82D1-3581-71BA2CF99CF9}.Release|Any CPU.ActiveCfg = Release|Any CPU
		{833BB4B2-AC47-82D1-3581-71BA2CF99CF9}.Release|Any CPU.Build.0 = Release|Any CPU
		{DBFCD1CF-6629-EF24-FCB2-611902603435}.Debug|Any CPU.ActiveCfg = Debug|Any CPU
		{DBFCD1CF-6629-EF24-FCB2-611902603435}.Debug|Any CPU.Build.0 = Debug|Any CPU
		{DBFCD1CF-6629-EF24-FCB2-611902603435}.Release|Any CPU.ActiveCfg = Release|Any CPU
		{DBFCD1CF-6629-EF24-FCB2-611902603435}.Release|Any CPU.Build.0 = Release|Any CPU
		{BA85490F-E808-D420-E99E-D94EC119823D}.Debug|Any CPU.ActiveCfg = Debug|Any CPU
		{BA85490F-E808-D420-E99E-D94EC119823D}.Debug|Any CPU.Build.0 = Debug|Any CPU
		{BA85490F-E808-D420-E99E-D94EC119823D}.Release|Any CPU.ActiveCfg = Release|Any CPU
		{BA85490F-E808-D420-E99E-D94EC119823D}.Release|Any CPU.Build.0 = Release|Any CPU
		{D4748EA4-99F7-EC32-6381-121F18087CF2}.Debug|Any CPU.ActiveCfg = Debug|Any CPU
		{D4748EA4-99F7-EC32-6381-121F18087CF2}.Debug|Any CPU.Build.0 = Debug|Any CPU
		{D4748EA4-99F7-EC32-6381-121F18087CF2}.Release|Any CPU.ActiveCfg = Release|Any CPU
		{D4748EA4-99F7-EC32-6381-121F18087CF2}.Release|Any CPU.Build.0 = Release|Any CPU
		{8F78BB7C-81BA-8308-42A7-5EBEA73BB50D}.Debug|Any CPU.ActiveCfg = Debug|Any CPU
		{8F78BB7C-81BA-8308-42A7-5EBEA73BB50D}.Debug|Any CPU.Build.0 = Debug|Any CPU
		{8F78BB7C-81BA-8308-42A7-5EBEA73BB50D}.Release|Any CPU.ActiveCfg = Release|Any CPU
		{8F78BB7C-81BA-8308-42A7-5EBEA73BB50D}.Release|Any CPU.Build.0 = Release|Any CPU
		{62D8C062-C2E3-2D6D-18A2-60C339B42041}.Debug|Any CPU.ActiveCfg = Debug|Any CPU
		{62D8C062-C2E3-2D6D-18A2-60C339B42041}.Debug|Any CPU.Build.0 = Debug|Any CPU
		{62D8C062-C2E3-2D6D-18A2-60C339B42041}.Release|Any CPU.ActiveCfg = Release|Any CPU
		{62D8C062-C2E3-2D6D-18A2-60C339B42041}.Release|Any CPU.Build.0 = Release|Any CPU
		{85342D5C-6F5F-73B1-ED53-6A3405E6B146}.Debug|Any CPU.ActiveCfg = Debug|Any CPU
		{85342D5C-6F5F-73B1-ED53-6A3405E6B146}.Debug|Any CPU.Build.0 = Debug|Any CPU
		{85342D5C-6F5F-73B1-ED53-6A3405E6B146}.Release|Any CPU.ActiveCfg = Release|Any CPU
		{85342D5C-6F5F-73B1-ED53-6A3405E6B146}.Release|Any CPU.Build.0 = Release|Any CPU
		{210128AD-7C39-82CE-6A16-E1DEDEE0774D}.Debug|Any CPU.ActiveCfg = Debug|Any CPU
		{210128AD-7C39-82CE-6A16-E1DEDEE0774D}.Debug|Any CPU.Build.0 = Debug|Any CPU
		{210128AD-7C39-82CE-6A16-E1DEDEE0774D}.Release|Any CPU.ActiveCfg = Release|Any CPU
		{210128AD-7C39-82CE-6A16-E1DEDEE0774D}.Release|Any CPU.Build.0 = Release|Any CPU
		{181E0AC8-78AF-60E6-89B7-05BE59BE330B}.Debug|Any CPU.ActiveCfg = Debug|Any CPU
		{181E0AC8-78AF-60E6-89B7-05BE59BE330B}.Debug|Any CPU.Build.0 = Debug|Any CPU
		{181E0AC8-78AF-60E6-89B7-05BE59BE330B}.Release|Any CPU.ActiveCfg = Release|Any CPU
		{181E0AC8-78AF-60E6-89B7-05BE59BE330B}.Release|Any CPU.Build.0 = Release|Any CPU
		{B2FB5D5C-EC62-3F48-D71C-FD70CE86398D}.Debug|Any CPU.ActiveCfg = Debug|Any CPU
		{B2FB5D5C-EC62-3F48-D71C-FD70CE86398D}.Debug|Any CPU.Build.0 = Debug|Any CPU
		{B2FB5D5C-EC62-3F48-D71C-FD70CE86398D}.Release|Any CPU.ActiveCfg = Release|Any CPU
		{B2FB5D5C-EC62-3F48-D71C-FD70CE86398D}.Release|Any CPU.Build.0 = Release|Any CPU
		{C5D2AAD4-B6B9-385D-7180-4FCBE0D60CB9}.Debug|Any CPU.ActiveCfg = Debug|Any CPU
		{C5D2AAD4-B6B9-385D-7180-4FCBE0D60CB9}.Debug|Any CPU.Build.0 = Debug|Any CPU
		{C5D2AAD4-B6B9-385D-7180-4FCBE0D60CB9}.Release|Any CPU.ActiveCfg = Release|Any CPU
		{C5D2AAD4-B6B9-385D-7180-4FCBE0D60CB9}.Release|Any CPU.Build.0 = Release|Any CPU
		{5E8F4317-B11E-E10E-0CC1-E8398CB42043}.Debug|Any CPU.ActiveCfg = Debug|Any CPU
		{5E8F4317-B11E-E10E-0CC1-E8398CB42043}.Debug|Any CPU.Build.0 = Debug|Any CPU
		{5E8F4317-B11E-E10E-0CC1-E8398CB42043}.Release|Any CPU.ActiveCfg = Release|Any CPU
		{5E8F4317-B11E-E10E-0CC1-E8398CB42043}.Release|Any CPU.Build.0 = Release|Any CPU
		{C71C4739-7B07-9624-D7DE-FDA8120CB2D4}.Debug|Any CPU.ActiveCfg = Debug|Any CPU
		{C71C4739-7B07-9624-D7DE-FDA8120CB2D4}.Debug|Any CPU.Build.0 = Debug|Any CPU
		{C71C4739-7B07-9624-D7DE-FDA8120CB2D4}.Release|Any CPU.ActiveCfg = Release|Any CPU
		{C71C4739-7B07-9624-D7DE-FDA8120CB2D4}.Release|Any CPU.Build.0 = Release|Any CPU
		{7FE104F8-15EE-FCBB-7536-0B27E3598396}.Debug|Any CPU.ActiveCfg = Debug|Any CPU
		{7FE104F8-15EE-FCBB-7536-0B27E3598396}.Debug|Any CPU.Build.0 = Debug|Any CPU
		{7FE104F8-15EE-FCBB-7536-0B27E3598396}.Release|Any CPU.ActiveCfg = Release|Any CPU
		{7FE104F8-15EE-FCBB-7536-0B27E3598396}.Release|Any CPU.Build.0 = Release|Any CPU
		{20EA2A42-D90E-4B37-3EE2-162031498AF1}.Debug|Any CPU.ActiveCfg = Debug|Any CPU
		{20EA2A42-D90E-4B37-3EE2-162031498AF1}.Debug|Any CPU.Build.0 = Debug|Any CPU
		{20EA2A42-D90E-4B37-3EE2-162031498AF1}.Release|Any CPU.ActiveCfg = Release|Any CPU
		{20EA2A42-D90E-4B37-3EE2-162031498AF1}.Release|Any CPU.Build.0 = Release|Any CPU
		{5A15CDE6-F440-F534-920E-7C0CDD43AB65}.Debug|Any CPU.ActiveCfg = Debug|Any CPU
		{5A15CDE6-F440-F534-920E-7C0CDD43AB65}.Debug|Any CPU.Build.0 = Debug|Any CPU
		{5A15CDE6-F440-F534-920E-7C0CDD43AB65}.Release|Any CPU.ActiveCfg = Release|Any CPU
		{5A15CDE6-F440-F534-920E-7C0CDD43AB65}.Release|Any CPU.Build.0 = Release|Any CPU
		{A52797F6-E734-3D80-4FCA-942A09FAF3A1}.Debug|Any CPU.ActiveCfg = Debug|Any CPU
		{A52797F6-E734-3D80-4FCA-942A09FAF3A1}.Debug|Any CPU.Build.0 = Debug|Any CPU
		{A52797F6-E734-3D80-4FCA-942A09FAF3A1}.Release|Any CPU.ActiveCfg = Release|Any CPU
		{A52797F6-E734-3D80-4FCA-942A09FAF3A1}.Release|Any CPU.Build.0 = Release|Any CPU
		{A9836A1A-10F3-35A4-0D7A-47E0429BC25D}.Debug|Any CPU.ActiveCfg = Debug|Any CPU
		{A9836A1A-10F3-35A4-0D7A-47E0429BC25D}.Debug|Any CPU.Build.0 = Debug|Any CPU
		{A9836A1A-10F3-35A4-0D7A-47E0429BC25D}.Release|Any CPU.ActiveCfg = Release|Any CPU
		{A9836A1A-10F3-35A4-0D7A-47E0429BC25D}.Release|Any CPU.Build.0 = Release|Any CPU
		{D2C4D6F2-6E47-AE52-71B7-2643F6B192C8}.Debug|Any CPU.ActiveCfg = Debug|Any CPU
		{D2C4D6F2-6E47-AE52-71B7-2643F6B192C8}.Debug|Any CPU.Build.0 = Debug|Any CPU
		{D2C4D6F2-6E47-AE52-71B7-2643F6B192C8}.Release|Any CPU.ActiveCfg = Release|Any CPU
		{D2C4D6F2-6E47-AE52-71B7-2643F6B192C8}.Release|Any CPU.Build.0 = Release|Any CPU
		{3AF8ACC2-C96A-87E6-5454-B2497D4BE8C5}.Debug|Any CPU.ActiveCfg = Debug|Any CPU
		{3AF8ACC2-C96A-87E6-5454-B2497D4BE8C5}.Debug|Any CPU.Build.0 = Debug|Any CPU
		{3AF8ACC2-C96A-87E6-5454-B2497D4BE8C5}.Release|Any CPU.ActiveCfg = Release|Any CPU
		{3AF8ACC2-C96A-87E6-5454-B2497D4BE8C5}.Release|Any CPU.Build.0 = Release|Any CPU
		{BE8971F0-8F4C-2AAD-1C70-C47F02157AA5}.Debug|Any CPU.ActiveCfg = Debug|Any CPU
		{BE8971F0-8F4C-2AAD-1C70-C47F02157AA5}.Debug|Any CPU.Build.0 = Debug|Any CPU
		{BE8971F0-8F4C-2AAD-1C70-C47F02157AA5}.Release|Any CPU.ActiveCfg = Release|Any CPU
		{BE8971F0-8F4C-2AAD-1C70-C47F02157AA5}.Release|Any CPU.Build.0 = Release|Any CPU
		{6A060609-0133-12DC-8E29-9D5CA3D2A70B}.Debug|Any CPU.ActiveCfg = Debug|Any CPU
		{6A060609-0133-12DC-8E29-9D5CA3D2A70B}.Debug|Any CPU.Build.0 = Debug|Any CPU
		{6A060609-0133-12DC-8E29-9D5CA3D2A70B}.Release|Any CPU.ActiveCfg = Release|Any CPU
		{6A060609-0133-12DC-8E29-9D5CA3D2A70B}.Release|Any CPU.Build.0 = Release|Any CPU
		{E634615D-A99F-A8AD-1433-4C0BDCEA369B}.Debug|Any CPU.ActiveCfg = Debug|Any CPU
		{E634615D-A99F-A8AD-1433-4C0BDCEA369B}.Debug|Any CPU.Build.0 = Debug|Any CPU
		{E634615D-A99F-A8AD-1433-4C0BDCEA369B}.Release|Any CPU.ActiveCfg = Release|Any CPU
		{E634615D-A99F-A8AD-1433-4C0BDCEA369B}.Release|Any CPU.Build.0 = Release|Any CPU
		{BD957BE5-7FD5-6B90-7E43-ABEB74BEA6DF}.Debug|Any CPU.ActiveCfg = Debug|Any CPU
		{BD957BE5-7FD5-6B90-7E43-ABEB74BEA6DF}.Debug|Any CPU.Build.0 = Debug|Any CPU
		{BD957BE5-7FD5-6B90-7E43-ABEB74BEA6DF}.Release|Any CPU.ActiveCfg = Release|Any CPU
		{BD957BE5-7FD5-6B90-7E43-ABEB74BEA6DF}.Release|Any CPU.Build.0 = Release|Any CPU
		{FA003A0F-3579-A08D-3866-AC33215A9D24}.Debug|Any CPU.ActiveCfg = Debug|Any CPU
		{FA003A0F-3579-A08D-3866-AC33215A9D24}.Debug|Any CPU.Build.0 = Debug|Any CPU
		{FA003A0F-3579-A08D-3866-AC33215A9D24}.Release|Any CPU.ActiveCfg = Release|Any CPU
		{FA003A0F-3579-A08D-3866-AC33215A9D24}.Release|Any CPU.Build.0 = Release|Any CPU
		{BB5C5062-5F07-B0D4-0351-C01838C3AE72}.Debug|Any CPU.ActiveCfg = Debug|Any CPU
		{BB5C5062-5F07-B0D4-0351-C01838C3AE72}.Debug|Any CPU.Build.0 = Debug|Any CPU
		{BB5C5062-5F07-B0D4-0351-C01838C3AE72}.Release|Any CPU.ActiveCfg = Release|Any CPU
		{BB5C5062-5F07-B0D4-0351-C01838C3AE72}.Release|Any CPU.Build.0 = Release|Any CPU
		{F919CCC6-F39C-322D-7B09-8AB1C73674D0}.Debug|Any CPU.ActiveCfg = Debug|Any CPU
		{F919CCC6-F39C-322D-7B09-8AB1C73674D0}.Debug|Any CPU.Build.0 = Debug|Any CPU
		{F919CCC6-F39C-322D-7B09-8AB1C73674D0}.Release|Any CPU.ActiveCfg = Release|Any CPU
		{F919CCC6-F39C-322D-7B09-8AB1C73674D0}.Release|Any CPU.Build.0 = Release|Any CPU
		{CF4637E4-1826-63AD-35CC-5D84BF43AF9A}.Debug|Any CPU.ActiveCfg = Debug|Any CPU
		{CF4637E4-1826-63AD-35CC-5D84BF43AF9A}.Debug|Any CPU.Build.0 = Debug|Any CPU
		{CF4637E4-1826-63AD-35CC-5D84BF43AF9A}.Release|Any CPU.ActiveCfg = Release|Any CPU
		{CF4637E4-1826-63AD-35CC-5D84BF43AF9A}.Release|Any CPU.Build.0 = Release|Any CPU
		{95C96F3D-2305-0E81-527A-2061F6F3299E}.Debug|Any CPU.ActiveCfg = Debug|Any CPU
		{95C96F3D-2305-0E81-527A-2061F6F3299E}.Debug|Any CPU.Build.0 = Debug|Any CPU
		{95C96F3D-2305-0E81-527A-2061F6F3299E}.Release|Any CPU.ActiveCfg = Release|Any CPU
		{95C96F3D-2305-0E81-527A-2061F6F3299E}.Release|Any CPU.Build.0 = Release|Any CPU
		{BBEC629D-9BA4-1256-9EB5-D53B38871E1F}.Debug|Any CPU.ActiveCfg = Debug|Any CPU
		{BBEC629D-9BA4-1256-9EB5-D53B38871E1F}.Debug|Any CPU.Build.0 = Debug|Any CPU
		{BBEC629D-9BA4-1256-9EB5-D53B38871E1F}.Release|Any CPU.ActiveCfg = Release|Any CPU
		{BBEC629D-9BA4-1256-9EB5-D53B38871E1F}.Release|Any CPU.Build.0 = Release|Any CPU
		{13034B4A-F006-2CD1-750D-5FAEA82F60A1}.Debug|Any CPU.ActiveCfg = Debug|Any CPU
		{13034B4A-F006-2CD1-750D-5FAEA82F60A1}.Debug|Any CPU.Build.0 = Debug|Any CPU
		{13034B4A-F006-2CD1-750D-5FAEA82F60A1}.Release|Any CPU.ActiveCfg = Release|Any CPU
		{13034B4A-F006-2CD1-750D-5FAEA82F60A1}.Release|Any CPU.Build.0 = Release|Any CPU
		{5237FB01-C565-F549-3278-72D98CC0EA50}.Debug|Any CPU.ActiveCfg = Debug|Any CPU
		{5237FB01-C565-F549-3278-72D98CC0EA50}.Debug|Any CPU.Build.0 = Debug|Any CPU
		{5237FB01-C565-F549-3278-72D98CC0EA50}.Release|Any CPU.ActiveCfg = Release|Any CPU
		{5237FB01-C565-F549-3278-72D98CC0EA50}.Release|Any CPU.Build.0 = Release|Any CPU
		{B29D75AD-B622-A5D9-B493-A1E829D5FD02}.Debug|Any CPU.ActiveCfg = Debug|Any CPU
		{B29D75AD-B622-A5D9-B493-A1E829D5FD02}.Debug|Any CPU.Build.0 = Debug|Any CPU
		{B29D75AD-B622-A5D9-B493-A1E829D5FD02}.Release|Any CPU.ActiveCfg = Release|Any CPU
		{B29D75AD-B622-A5D9-B493-A1E829D5FD02}.Release|Any CPU.Build.0 = Release|Any CPU
		{31A050C2-9872-ED35-70A6-52B8A7AD71B6}.Debug|Any CPU.ActiveCfg = Debug|Any CPU
		{31A050C2-9872-ED35-70A6-52B8A7AD71B6}.Debug|Any CPU.Build.0 = Debug|Any CPU
		{31A050C2-9872-ED35-70A6-52B8A7AD71B6}.Release|Any CPU.ActiveCfg = Release|Any CPU
		{31A050C2-9872-ED35-70A6-52B8A7AD71B6}.Release|Any CPU.Build.0 = Release|Any CPU
		{5488B911-548E-3DBF-395D-7385BA6A8F87}.Debug|Any CPU.ActiveCfg = Debug|Any CPU
		{5488B911-548E-3DBF-395D-7385BA6A8F87}.Debug|Any CPU.Build.0 = Debug|Any CPU
		{5488B911-548E-3DBF-395D-7385BA6A8F87}.Release|Any CPU.ActiveCfg = Release|Any CPU
		{5488B911-548E-3DBF-395D-7385BA6A8F87}.Release|Any CPU.Build.0 = Release|Any CPU
		{28F3694E-E496-49F0-F8E4-703BC3878B87}.Debug|Any CPU.ActiveCfg = Debug|Any CPU
		{28F3694E-E496-49F0-F8E4-703BC3878B87}.Debug|Any CPU.Build.0 = Debug|Any CPU
		{28F3694E-E496-49F0-F8E4-703BC3878B87}.Release|Any CPU.ActiveCfg = Release|Any CPU
		{28F3694E-E496-49F0-F8E4-703BC3878B87}.Release|Any CPU.Build.0 = Release|Any CPU
		{582A12B7-9E8F-A8C5-E61E-80BB4B18D516}.Debug|Any CPU.ActiveCfg = Debug|Any CPU
		{582A12B7-9E8F-A8C5-E61E-80BB4B18D516}.Debug|Any CPU.Build.0 = Debug|Any CPU
		{582A12B7-9E8F-A8C5-E61E-80BB4B18D516}.Release|Any CPU.ActiveCfg = Release|Any CPU
		{582A12B7-9E8F-A8C5-E61E-80BB4B18D516}.Release|Any CPU.Build.0 = Release|Any CPU
	EndGlobalSection
	GlobalSection(SolutionProperties) = preSolution
		HideSolutionNode = FALSE
	EndGlobalSection
EndGlobal
